
Microsoft Visual Studio Solution File, Format Version 12.00
# Visual Studio 2012
Project("{FAE04EC0-301F-11D3-BF4B-00C04F79EFBC}") = "QDMSServer", "QDMSServer\QDMSServer.csproj", "{1AD82972-FD44-4ED2-B909-A0738F6C03FE}"
EndProject
Project("{FAE04EC0-301F-11D3-BF4B-00C04F79EFBC}") = "QDMSClient", "QDMSClient\QDMSClient.csproj", "{28833EE8-5A50-4772-9071-3D16FBF21134}"
EndProject
Project("{FAE04EC0-301F-11D3-BF4B-00C04F79EFBC}") = "QDMS", "QDMS\QDMS.csproj", "{7EA40D71-4D14-4B86-B07D-932959FA0D20}"
EndProject
Project("{FAE04EC0-301F-11D3-BF4B-00C04F79EFBC}") = "EntityData", "EntityData\EntityData.csproj", "{AEA3426E-81B7-4C7E-A1CC-29743229CDCC}"
EndProject
Project("{FAE04EC0-301F-11D3-BF4B-00C04F79EFBC}") = "QDMSTest", "QDMSTest\QDMSTest.csproj", "{7529404F-8EC1-4D49-BAE0-56EC2B9568A8}"
EndProject
Project("{2150E333-8FDC-42A3-9474-1A3956D46DE8}") = ".nuget", ".nuget", "{1EC1117C-9C4F-4DD5-91D0-1A1D3915EEC3}"
	ProjectSection(SolutionItems) = preProject
		.nuget\NuGet.Config = .nuget\NuGet.Config
		.nuget\NuGet.exe = .nuget\NuGet.exe
		.nuget\NuGet.targets = .nuget\NuGet.targets
		.nuget\packages.config = .nuget\packages.config
	EndProjectSection
EndProject
Project("{FAE04EC0-301F-11D3-BF4B-00C04F79EFBC}") = "SampleApp", "SampleApp\SampleApp.csproj", "{ACD7D9F6-0BC0-4FBD-81F2-86341002FFB9}"
EndProject
Global
	GlobalSection(TeamFoundationVersionControl) = preSolution
		SccNumberOfProjects = 6
		SccEnterpriseProvider = {4CA58AB2-18FA-4F8D-95D4-32DDF27D184C}
		SccTeamFoundationServer = https://qusma.visualstudio.com/defaultcollection
		SccProjectUniqueName0 = QDMS\\QDMS.csproj
		SccProjectName0 = QDMS
		SccAuxPath0 = https://qusma.visualstudio.com/defaultcollection
		SccLocalPath0 = QDMS
		SccProvider0 = {4CA58AB2-18FA-4F8D-95D4-32DDF27D184C}
		SccProjectUniqueName1 = EntityData\\EntityData.csproj
		SccProjectName1 = EntityData
		SccAuxPath1 = https://qusma.visualstudio.com/defaultcollection
		SccLocalPath1 = EntityData
		SccProvider1 = {4CA58AB2-18FA-4F8D-95D4-32DDF27D184C}
		SccProjectUniqueName2 = QDMSClient\\QDMSClient.csproj
		SccProjectName2 = QDMSClient
		SccAuxPath2 = https://qusma.visualstudio.com/defaultcollection
		SccLocalPath2 = QDMSClient
		SccProvider2 = {4CA58AB2-18FA-4F8D-95D4-32DDF27D184C}
		SccProjectUniqueName3 = QDMSServer\\QDMSServer.csproj
		SccProjectName3 = QDMSServer
		SccAuxPath3 = https://qusma.visualstudio.com/defaultcollection
		SccLocalPath3 = QDMSServer
		SccProvider3 = {4CA58AB2-18FA-4F8D-95D4-32DDF27D184C}
		SccProjectUniqueName4 = QDMSTest\\QDMSTest.csproj
		SccProjectName4 = QDMSTest
		SccAuxPath4 = https://qusma.visualstudio.com/defaultcollection
		SccLocalPath4 = QDMSTest
		SccProvider4 = {4CA58AB2-18FA-4F8D-95D4-32DDF27D184C}
		SccProjectUniqueName5 = SampleApp\\SampleApp.csproj
		SccProjectName5 = SampleApp
		SccAuxPath5 = https://qusma.visualstudio.com/defaultcollection
		SccLocalPath5 = SampleApp
		SccProvider5 = {4CA58AB2-18FA-4F8D-95D4-32DDF27D184C}
	EndGlobalSection
	GlobalSection(SolutionConfigurationPlatforms) = preSolution
		Debug|Any CPU = Debug|Any CPU
		Debug|Mixed Platforms = Debug|Mixed Platforms
		Debug|x86 = Debug|x86
		Release|Any CPU = Release|Any CPU
		Release|Mixed Platforms = Release|Mixed Platforms
		Release|x86 = Release|x86
	EndGlobalSection
	GlobalSection(ProjectConfigurationPlatforms) = postSolution
		{1AD82972-FD44-4ED2-B909-A0738F6C03FE}.Debug|Any CPU.ActiveCfg = Debug|Any CPU
		{1AD82972-FD44-4ED2-B909-A0738F6C03FE}.Debug|Any CPU.Build.0 = Debug|Any CPU
		{1AD82972-FD44-4ED2-B909-A0738F6C03FE}.Debug|Mixed Platforms.ActiveCfg = Debug|Any CPU
		{1AD82972-FD44-4ED2-B909-A0738F6C03FE}.Debug|Mixed Platforms.Build.0 = Debug|Any CPU
		{1AD82972-FD44-4ED2-B909-A0738F6C03FE}.Debug|x86.ActiveCfg = Debug|Any CPU
		{1AD82972-FD44-4ED2-B909-A0738F6C03FE}.Release|Any CPU.ActiveCfg = Release|Any CPU
		{1AD82972-FD44-4ED2-B909-A0738F6C03FE}.Release|Any CPU.Build.0 = Release|Any CPU
		{1AD82972-FD44-4ED2-B909-A0738F6C03FE}.Release|Mixed Platforms.ActiveCfg = Release|Any CPU
		{1AD82972-FD44-4ED2-B909-A0738F6C03FE}.Release|Mixed Platforms.Build.0 = Release|Any CPU
		{1AD82972-FD44-4ED2-B909-A0738F6C03FE}.Release|x86.ActiveCfg = Release|Any CPU
		{28833EE8-5A50-4772-9071-3D16FBF21134}.Debug|Any CPU.ActiveCfg = Debug|Any CPU
		{28833EE8-5A50-4772-9071-3D16FBF21134}.Debug|Any CPU.Build.0 = Debug|Any CPU
		{28833EE8-5A50-4772-9071-3D16FBF21134}.Debug|Mixed Platforms.ActiveCfg = Debug|Any CPU
		{28833EE8-5A50-4772-9071-3D16FBF21134}.Debug|Mixed Platforms.Build.0 = Debug|Any CPU
		{28833EE8-5A50-4772-9071-3D16FBF21134}.Debug|x86.ActiveCfg = Debug|Any CPU
		{28833EE8-5A50-4772-9071-3D16FBF21134}.Release|Any CPU.ActiveCfg = Release|Any CPU
		{28833EE8-5A50-4772-9071-3D16FBF21134}.Release|Any CPU.Build.0 = Release|Any CPU
		{28833EE8-5A50-4772-9071-3D16FBF21134}.Release|Mixed Platforms.ActiveCfg = Release|Any CPU
		{28833EE8-5A50-4772-9071-3D16FBF21134}.Release|Mixed Platforms.Build.0 = Release|Any CPU
		{28833EE8-5A50-4772-9071-3D16FBF21134}.Release|x86.ActiveCfg = Release|Any CPU
		{7EA40D71-4D14-4B86-B07D-932959FA0D20}.Debug|Any CPU.ActiveCfg = Debug|Any CPU
		{7EA40D71-4D14-4B86-B07D-932959FA0D20}.Debug|Any CPU.Build.0 = Debug|Any CPU
		{7EA40D71-4D14-4B86-B07D-932959FA0D20}.Debug|Mixed Platforms.ActiveCfg = Debug|Any CPU
		{7EA40D71-4D14-4B86-B07D-932959FA0D20}.Debug|Mixed Platforms.Build.0 = Debug|Any CPU
		{7EA40D71-4D14-4B86-B07D-932959FA0D20}.Debug|x86.ActiveCfg = Debug|Any CPU
		{7EA40D71-4D14-4B86-B07D-932959FA0D20}.Release|Any CPU.ActiveCfg = Release|Any CPU
		{7EA40D71-4D14-4B86-B07D-932959FA0D20}.Release|Any CPU.Build.0 = Release|Any CPU
		{7EA40D71-4D14-4B86-B07D-932959FA0D20}.Release|Mixed Platforms.ActiveCfg = Release|Any CPU
		{7EA40D71-4D14-4B86-B07D-932959FA0D20}.Release|Mixed Platforms.Build.0 = Release|Any CPU
		{7EA40D71-4D14-4B86-B07D-932959FA0D20}.Release|x86.ActiveCfg = Release|Any CPU
		{AEA3426E-81B7-4C7E-A1CC-29743229CDCC}.Debug|Any CPU.ActiveCfg = Debug|Any CPU
		{AEA3426E-81B7-4C7E-A1CC-29743229CDCC}.Debug|Any CPU.Build.0 = Debug|Any CPU
		{AEA3426E-81B7-4C7E-A1CC-29743229CDCC}.Debug|Mixed Platforms.ActiveCfg = Debug|Any CPU
		{AEA3426E-81B7-4C7E-A1CC-29743229CDCC}.Debug|Mixed Platforms.Build.0 = Debug|Any CPU
		{AEA3426E-81B7-4C7E-A1CC-29743229CDCC}.Debug|x86.ActiveCfg = Debug|Any CPU
		{AEA3426E-81B7-4C7E-A1CC-29743229CDCC}.Release|Any CPU.ActiveCfg = Release|Any CPU
		{AEA3426E-81B7-4C7E-A1CC-29743229CDCC}.Release|Any CPU.Build.0 = Release|Any CPU
		{AEA3426E-81B7-4C7E-A1CC-29743229CDCC}.Release|Mixed Platforms.ActiveCfg = Release|Any CPU
		{AEA3426E-81B7-4C7E-A1CC-29743229CDCC}.Release|Mixed Platforms.Build.0 = Release|Any CPU
		{AEA3426E-81B7-4C7E-A1CC-29743229CDCC}.Release|x86.ActiveCfg = Release|Any CPU
		{7529404F-8EC1-4D49-BAE0-56EC2B9568A8}.Debug|Any CPU.ActiveCfg = Debug|Any CPU
		{7529404F-8EC1-4D49-BAE0-56EC2B9568A8}.Debug|Any CPU.Build.0 = Debug|Any CPU
		{7529404F-8EC1-4D49-BAE0-56EC2B9568A8}.Debug|Mixed Platforms.ActiveCfg = Debug|Any CPU
		{7529404F-8EC1-4D49-BAE0-56EC2B9568A8}.Debug|Mixed Platforms.Build.0 = Debug|Any CPU
		{7529404F-8EC1-4D49-BAE0-56EC2B9568A8}.Debug|x86.ActiveCfg = Debug|Any CPU
		{7529404F-8EC1-4D49-BAE0-56EC2B9568A8}.Release|Any CPU.ActiveCfg = Release|Any CPU
		{7529404F-8EC1-4D49-BAE0-56EC2B9568A8}.Release|Any CPU.Build.0 = Release|Any CPU
		{7529404F-8EC1-4D49-BAE0-56EC2B9568A8}.Release|Mixed Platforms.ActiveCfg = Release|Any CPU
		{7529404F-8EC1-4D49-BAE0-56EC2B9568A8}.Release|Mixed Platforms.Build.0 = Release|Any CPU
		{7529404F-8EC1-4D49-BAE0-56EC2B9568A8}.Release|x86.ActiveCfg = Release|Any CPU
		{ACD7D9F6-0BC0-4FBD-81F2-86341002FFB9}.Debug|Any CPU.ActiveCfg = Debug|Any CPU
		{ACD7D9F6-0BC0-4FBD-81F2-86341002FFB9}.Debug|Any CPU.Build.0 = Debug|Any CPU
		{ACD7D9F6-0BC0-4FBD-81F2-86341002FFB9}.Debug|Mixed Platforms.ActiveCfg = Debug|Any CPU
		{ACD7D9F6-0BC0-4FBD-81F2-86341002FFB9}.Debug|Mixed Platforms.Build.0 = Debug|Any CPU
		{ACD7D9F6-0BC0-4FBD-81F2-86341002FFB9}.Debug|x86.ActiveCfg = Debug|Any CPU
		{ACD7D9F6-0BC0-4FBD-81F2-86341002FFB9}.Release|Any CPU.ActiveCfg = Release|Any CPU
		{ACD7D9F6-0BC0-4FBD-81F2-86341002FFB9}.Release|Any CPU.Build.0 = Release|Any CPU
		{ACD7D9F6-0BC0-4FBD-81F2-86341002FFB9}.Release|Mixed Platforms.ActiveCfg = Release|Any CPU
		{ACD7D9F6-0BC0-4FBD-81F2-86341002FFB9}.Release|Mixed Platforms.Build.0 = Release|Any CPU
		{ACD7D9F6-0BC0-4FBD-81F2-86341002FFB9}.Release|x86.ActiveCfg = Release|Any CPU
	EndGlobalSection
	GlobalSection(SolutionProperties) = preSolution
		HideSolutionNode = FALSE
	EndGlobalSection
EndGlobal
