
Microsoft Visual Studio Solution File, Format Version 12.00
# Visual Studio 14
VisualStudioVersion = 14.0.25420.1
MinimumVisualStudioVersion = 10.0.40219.1
Project("{FAE04EC0-301F-11D3-BF4B-00C04F79EFBC}") = "QDMSServer", "QDMSServer\QDMSServer.csproj", "{1AD82972-FD44-4ED2-B909-A0738F6C03FE}"
EndProject
Project("{FAE04EC0-301F-11D3-BF4B-00C04F79EFBC}") = "QDMSClient", "QDMSClient\QDMSClient.csproj", "{28833EE8-5A50-4772-9071-3D16FBF21134}"
EndProject
Project("{FAE04EC0-301F-11D3-BF4B-00C04F79EFBC}") = "QDMS", "QDMS\QDMS.csproj", "{7EA40D71-4D14-4B86-B07D-932959FA0D20}"
EndProject
Project("{FAE04EC0-301F-11D3-BF4B-00C04F79EFBC}") = "EntityData", "EntityData\EntityData.csproj", "{AEA3426E-81B7-4C7E-A1CC-29743229CDCC}"
EndProject
Project("{FAE04EC0-301F-11D3-BF4B-00C04F79EFBC}") = "QDMSTest", "QDMSTest\QDMSTest.csproj", "{7529404F-8EC1-4D49-BAE0-56EC2B9568A8}"
EndProject
Project("{2150E333-8FDC-42A3-9474-1A3956D46DE8}") = ".nuget", ".nuget", "{1EC1117C-9C4F-4DD5-91D0-1A1D3915EEC3}"
	ProjectSection(SolutionItems) = preProject
		.nuget\NuGet.Config = .nuget\NuGet.Config
		.nuget\NuGet.exe = .nuget\NuGet.exe
		.nuget\NuGet.targets = .nuget\NuGet.targets
		.nuget\packages.config = .nuget\packages.config
	EndProjectSection
EndProject
Project("{FAE04EC0-301F-11D3-BF4B-00C04F79EFBC}") = "SampleApp", "SampleApp\SampleApp.csproj", "{ACD7D9F6-0BC0-4FBD-81F2-86341002FFB9}"
EndProject
Project("{FAE04EC0-301F-11D3-BF4B-00C04F79EFBC}") = "QDMS.Server", "QDMS.Server\QDMS.Server.csproj", "{C5427849-6011-4198-BCA4-D7CDCF971E7C}"
EndProject
Project("{FAE04EC0-301F-11D3-BF4B-00C04F79EFBC}") = "QDMS.Server.DataSources.Bloomberg", "QDMS.Server.DataSources.Bloomberg\QDMS.Server.DataSources.Bloomberg.csproj", "{7979D0DB-E6B4-410C-B3BB-CBA4C2888CF3}"
EndProject
Project("{FAE04EC0-301F-11D3-BF4B-00C04F79EFBC}") = "QDMS.Server.DataSources.Yahoo", "QDMS.Server.DataSources.Yahoo\QDMS.Server.DataSources.Yahoo.csproj", "{5C2C845C-0D1C-46EF-9B8F-66502DCDE8CA}"
EndProject
Project("{FAE04EC0-301F-11D3-BF4B-00C04F79EFBC}") = "QDMS.Server.DataSources.FRED", "QDMS.Server.DataSources.FRED\QDMS.Server.DataSources.FRED.csproj", "{F83D3D20-6554-44D2-862D-C64F1EC3062B}"
EndProject
Project("{FAE04EC0-301F-11D3-BF4B-00C04F79EFBC}") = "QDMS.Server.DataSources.ForexFeed", "QDMS.Server.DataSources.ForexFeed\QDMS.Server.DataSources.ForexFeed.csproj", "{55180C6D-A985-4171-BC78-E9B161164785}"
EndProject
Project("{FAE04EC0-301F-11D3-BF4B-00C04F79EFBC}") = "QDMSService", "QDMSService\QDMSService.csproj", "{2B975F31-9F0F-4BBB-8BC2-8E014336B0FF}"
EndProject
Project("{FAE04EC0-301F-11D3-BF4B-00C04F79EFBC}") = "QDMS.Server.DataStorage.MySql", "QDMS.Server.DataStorage.MySql\QDMS.Server.DataStorage.MySql.csproj", "{0197EA02-A2AD-475F-9A73-7A0BCFC18891}"
EndProject
Project("{FAE04EC0-301F-11D3-BF4B-00C04F79EFBC}") = "QDMS.Server.DataStorage.SqlServer", "QDMS.Server.DataStorage.SqlServer\QDMS.Server.DataStorage.SqlServer.csproj", "{17ADE009-CAB6-4389-93E1-AFE1A2DBB18C}"
EndProject
Global
	GlobalSection(SolutionConfigurationPlatforms) = preSolution
		Debug|Any CPU = Debug|Any CPU
		Debug|Mixed Platforms = Debug|Mixed Platforms
		Debug|x86 = Debug|x86
		Release|Any CPU = Release|Any CPU
		Release|Mixed Platforms = Release|Mixed Platforms
		Release|x86 = Release|x86
	EndGlobalSection
	GlobalSection(ProjectConfigurationPlatforms) = postSolution
		{1AD82972-FD44-4ED2-B909-A0738F6C03FE}.Debug|Any CPU.ActiveCfg = Debug|Any CPU
		{1AD82972-FD44-4ED2-B909-A0738F6C03FE}.Debug|Any CPU.Build.0 = Debug|Any CPU
		{1AD82972-FD44-4ED2-B909-A0738F6C03FE}.Debug|Mixed Platforms.ActiveCfg = Debug|Any CPU
		{1AD82972-FD44-4ED2-B909-A0738F6C03FE}.Debug|Mixed Platforms.Build.0 = Debug|Any CPU
		{1AD82972-FD44-4ED2-B909-A0738F6C03FE}.Debug|x86.ActiveCfg = Debug|Any CPU
		{1AD82972-FD44-4ED2-B909-A0738F6C03FE}.Release|Any CPU.ActiveCfg = Release|Any CPU
		{1AD82972-FD44-4ED2-B909-A0738F6C03FE}.Release|Any CPU.Build.0 = Release|Any CPU
		{1AD82972-FD44-4ED2-B909-A0738F6C03FE}.Release|Mixed Platforms.ActiveCfg = Release|Any CPU
		{1AD82972-FD44-4ED2-B909-A0738F6C03FE}.Release|Mixed Platforms.Build.0 = Release|Any CPU
		{1AD82972-FD44-4ED2-B909-A0738F6C03FE}.Release|x86.ActiveCfg = Release|Any CPU
		{28833EE8-5A50-4772-9071-3D16FBF21134}.Debug|Any CPU.ActiveCfg = Debug|Any CPU
		{28833EE8-5A50-4772-9071-3D16FBF21134}.Debug|Any CPU.Build.0 = Debug|Any CPU
		{28833EE8-5A50-4772-9071-3D16FBF21134}.Debug|Mixed Platforms.ActiveCfg = Debug|Any CPU
		{28833EE8-5A50-4772-9071-3D16FBF21134}.Debug|Mixed Platforms.Build.0 = Debug|Any CPU
		{28833EE8-5A50-4772-9071-3D16FBF21134}.Debug|x86.ActiveCfg = Debug|Any CPU
		{28833EE8-5A50-4772-9071-3D16FBF21134}.Release|Any CPU.ActiveCfg = Release|Any CPU
		{28833EE8-5A50-4772-9071-3D16FBF21134}.Release|Any CPU.Build.0 = Release|Any CPU
		{28833EE8-5A50-4772-9071-3D16FBF21134}.Release|Mixed Platforms.ActiveCfg = Release|Any CPU
		{28833EE8-5A50-4772-9071-3D16FBF21134}.Release|Mixed Platforms.Build.0 = Release|Any CPU
		{28833EE8-5A50-4772-9071-3D16FBF21134}.Release|x86.ActiveCfg = Release|Any CPU
		{7EA40D71-4D14-4B86-B07D-932959FA0D20}.Debug|Any CPU.ActiveCfg = Debug|Any CPU
		{7EA40D71-4D14-4B86-B07D-932959FA0D20}.Debug|Any CPU.Build.0 = Debug|Any CPU
		{7EA40D71-4D14-4B86-B07D-932959FA0D20}.Debug|Mixed Platforms.ActiveCfg = Debug|Any CPU
		{7EA40D71-4D14-4B86-B07D-932959FA0D20}.Debug|Mixed Platforms.Build.0 = Debug|Any CPU
		{7EA40D71-4D14-4B86-B07D-932959FA0D20}.Debug|x86.ActiveCfg = Debug|Any CPU
		{7EA40D71-4D14-4B86-B07D-932959FA0D20}.Release|Any CPU.ActiveCfg = Release|Any CPU
		{7EA40D71-4D14-4B86-B07D-932959FA0D20}.Release|Any CPU.Build.0 = Release|Any CPU
		{7EA40D71-4D14-4B86-B07D-932959FA0D20}.Release|Mixed Platforms.ActiveCfg = Release|Any CPU
		{7EA40D71-4D14-4B86-B07D-932959FA0D20}.Release|Mixed Platforms.Build.0 = Release|Any CPU
		{7EA40D71-4D14-4B86-B07D-932959FA0D20}.Release|x86.ActiveCfg = Release|Any CPU
		{AEA3426E-81B7-4C7E-A1CC-29743229CDCC}.Debug|Any CPU.ActiveCfg = Debug|Any CPU
		{AEA3426E-81B7-4C7E-A1CC-29743229CDCC}.Debug|Any CPU.Build.0 = Debug|Any CPU
		{AEA3426E-81B7-4C7E-A1CC-29743229CDCC}.Debug|Mixed Platforms.ActiveCfg = Debug|Any CPU
		{AEA3426E-81B7-4C7E-A1CC-29743229CDCC}.Debug|Mixed Platforms.Build.0 = Debug|Any CPU
		{AEA3426E-81B7-4C7E-A1CC-29743229CDCC}.Debug|x86.ActiveCfg = Debug|Any CPU
		{AEA3426E-81B7-4C7E-A1CC-29743229CDCC}.Release|Any CPU.ActiveCfg = Release|Any CPU
		{AEA3426E-81B7-4C7E-A1CC-29743229CDCC}.Release|Any CPU.Build.0 = Release|Any CPU
		{AEA3426E-81B7-4C7E-A1CC-29743229CDCC}.Release|Mixed Platforms.ActiveCfg = Release|Any CPU
		{AEA3426E-81B7-4C7E-A1CC-29743229CDCC}.Release|Mixed Platforms.Build.0 = Release|Any CPU
		{AEA3426E-81B7-4C7E-A1CC-29743229CDCC}.Release|x86.ActiveCfg = Release|Any CPU
		{7529404F-8EC1-4D49-BAE0-56EC2B9568A8}.Debug|Any CPU.ActiveCfg = Debug|Any CPU
		{7529404F-8EC1-4D49-BAE0-56EC2B9568A8}.Debug|Any CPU.Build.0 = Debug|Any CPU
		{7529404F-8EC1-4D49-BAE0-56EC2B9568A8}.Debug|Mixed Platforms.ActiveCfg = Debug|Any CPU
		{7529404F-8EC1-4D49-BAE0-56EC2B9568A8}.Debug|Mixed Platforms.Build.0 = Debug|Any CPU
		{7529404F-8EC1-4D49-BAE0-56EC2B9568A8}.Debug|x86.ActiveCfg = Debug|Any CPU
		{7529404F-8EC1-4D49-BAE0-56EC2B9568A8}.Release|Any CPU.ActiveCfg = Release|Any CPU
		{7529404F-8EC1-4D49-BAE0-56EC2B9568A8}.Release|Any CPU.Build.0 = Release|Any CPU
		{7529404F-8EC1-4D49-BAE0-56EC2B9568A8}.Release|Mixed Platforms.ActiveCfg = Release|Any CPU
		{7529404F-8EC1-4D49-BAE0-56EC2B9568A8}.Release|Mixed Platforms.Build.0 = Release|Any CPU
		{7529404F-8EC1-4D49-BAE0-56EC2B9568A8}.Release|x86.ActiveCfg = Release|Any CPU
		{ACD7D9F6-0BC0-4FBD-81F2-86341002FFB9}.Debug|Any CPU.ActiveCfg = Debug|Any CPU
		{ACD7D9F6-0BC0-4FBD-81F2-86341002FFB9}.Debug|Any CPU.Build.0 = Debug|Any CPU
		{ACD7D9F6-0BC0-4FBD-81F2-86341002FFB9}.Debug|Mixed Platforms.ActiveCfg = Debug|Any CPU
		{ACD7D9F6-0BC0-4FBD-81F2-86341002FFB9}.Debug|Mixed Platforms.Build.0 = Debug|Any CPU
		{ACD7D9F6-0BC0-4FBD-81F2-86341002FFB9}.Debug|x86.ActiveCfg = Debug|Any CPU
		{ACD7D9F6-0BC0-4FBD-81F2-86341002FFB9}.Release|Any CPU.ActiveCfg = Release|Any CPU
		{ACD7D9F6-0BC0-4FBD-81F2-86341002FFB9}.Release|Any CPU.Build.0 = Release|Any CPU
		{ACD7D9F6-0BC0-4FBD-81F2-86341002FFB9}.Release|Mixed Platforms.ActiveCfg = Release|Any CPU
		{ACD7D9F6-0BC0-4FBD-81F2-86341002FFB9}.Release|Mixed Platforms.Build.0 = Release|Any CPU
		{ACD7D9F6-0BC0-4FBD-81F2-86341002FFB9}.Release|x86.ActiveCfg = Release|Any CPU
		{C5427849-6011-4198-BCA4-D7CDCF971E7C}.Debug|Any CPU.ActiveCfg = Debug|Any CPU
		{C5427849-6011-4198-BCA4-D7CDCF971E7C}.Debug|Any CPU.Build.0 = Debug|Any CPU
		{C5427849-6011-4198-BCA4-D7CDCF971E7C}.Debug|Mixed Platforms.ActiveCfg = Debug|Any CPU
		{C5427849-6011-4198-BCA4-D7CDCF971E7C}.Debug|Mixed Platforms.Build.0 = Debug|Any CPU
		{C5427849-6011-4198-BCA4-D7CDCF971E7C}.Debug|x86.ActiveCfg = Debug|Any CPU
		{C5427849-6011-4198-BCA4-D7CDCF971E7C}.Debug|x86.Build.0 = Debug|Any CPU
		{C5427849-6011-4198-BCA4-D7CDCF971E7C}.Release|Any CPU.ActiveCfg = Release|Any CPU
		{C5427849-6011-4198-BCA4-D7CDCF971E7C}.Release|Any CPU.Build.0 = Release|Any CPU
		{C5427849-6011-4198-BCA4-D7CDCF971E7C}.Release|Mixed Platforms.ActiveCfg = Release|Any CPU
		{C5427849-6011-4198-BCA4-D7CDCF971E7C}.Release|Mixed Platforms.Build.0 = Release|Any CPU
		{C5427849-6011-4198-BCA4-D7CDCF971E7C}.Release|x86.ActiveCfg = Release|Any CPU
		{C5427849-6011-4198-BCA4-D7CDCF971E7C}.Release|x86.Build.0 = Release|Any CPU
		{7979D0DB-E6B4-410C-B3BB-CBA4C2888CF3}.Debug|Any CPU.ActiveCfg = Debug|Any CPU
		{7979D0DB-E6B4-410C-B3BB-CBA4C2888CF3}.Debug|Any CPU.Build.0 = Debug|Any CPU
		{7979D0DB-E6B4-410C-B3BB-CBA4C2888CF3}.Debug|Mixed Platforms.ActiveCfg = Debug|Any CPU
		{7979D0DB-E6B4-410C-B3BB-CBA4C2888CF3}.Debug|Mixed Platforms.Build.0 = Debug|Any CPU
		{7979D0DB-E6B4-410C-B3BB-CBA4C2888CF3}.Debug|x86.ActiveCfg = Debug|Any CPU
		{7979D0DB-E6B4-410C-B3BB-CBA4C2888CF3}.Debug|x86.Build.0 = Debug|Any CPU
		{7979D0DB-E6B4-410C-B3BB-CBA4C2888CF3}.Release|Any CPU.ActiveCfg = Release|Any CPU
		{7979D0DB-E6B4-410C-B3BB-CBA4C2888CF3}.Release|Any CPU.Build.0 = Release|Any CPU
		{7979D0DB-E6B4-410C-B3BB-CBA4C2888CF3}.Release|Mixed Platforms.ActiveCfg = Release|Any CPU
		{7979D0DB-E6B4-410C-B3BB-CBA4C2888CF3}.Release|Mixed Platforms.Build.0 = Release|Any CPU
		{7979D0DB-E6B4-410C-B3BB-CBA4C2888CF3}.Release|x86.ActiveCfg = Release|Any CPU
		{7979D0DB-E6B4-410C-B3BB-CBA4C2888CF3}.Release|x86.Build.0 = Release|Any CPU
		{5C2C845C-0D1C-46EF-9B8F-66502DCDE8CA}.Debug|Any CPU.ActiveCfg = Debug|Any CPU
		{5C2C845C-0D1C-46EF-9B8F-66502DCDE8CA}.Debug|Any CPU.Build.0 = Debug|Any CPU
		{5C2C845C-0D1C-46EF-9B8F-66502DCDE8CA}.Debug|Mixed Platforms.ActiveCfg = Debug|Any CPU
		{5C2C845C-0D1C-46EF-9B8F-66502DCDE8CA}.Debug|Mixed Platforms.Build.0 = Debug|Any CPU
		{5C2C845C-0D1C-46EF-9B8F-66502DCDE8CA}.Debug|x86.ActiveCfg = Debug|Any CPU
		{5C2C845C-0D1C-46EF-9B8F-66502DCDE8CA}.Debug|x86.Build.0 = Debug|Any CPU
		{5C2C845C-0D1C-46EF-9B8F-66502DCDE8CA}.Release|Any CPU.ActiveCfg = Release|Any CPU
		{5C2C845C-0D1C-46EF-9B8F-66502DCDE8CA}.Release|Any CPU.Build.0 = Release|Any CPU
		{5C2C845C-0D1C-46EF-9B8F-66502DCDE8CA}.Release|Mixed Platforms.ActiveCfg = Release|Any CPU
		{5C2C845C-0D1C-46EF-9B8F-66502DCDE8CA}.Release|Mixed Platforms.Build.0 = Release|Any CPU
		{5C2C845C-0D1C-46EF-9B8F-66502DCDE8CA}.Release|x86.ActiveCfg = Release|Any CPU
		{5C2C845C-0D1C-46EF-9B8F-66502DCDE8CA}.Release|x86.Build.0 = Release|Any CPU
		{F83D3D20-6554-44D2-862D-C64F1EC3062B}.Debug|Any CPU.ActiveCfg = Debug|Any CPU
		{F83D3D20-6554-44D2-862D-C64F1EC3062B}.Debug|Any CPU.Build.0 = Debug|Any CPU
		{F83D3D20-6554-44D2-862D-C64F1EC3062B}.Debug|Mixed Platforms.ActiveCfg = Debug|Any CPU
		{F83D3D20-6554-44D2-862D-C64F1EC3062B}.Debug|Mixed Platforms.Build.0 = Debug|Any CPU
		{F83D3D20-6554-44D2-862D-C64F1EC3062B}.Debug|x86.ActiveCfg = Debug|Any CPU
		{F83D3D20-6554-44D2-862D-C64F1EC3062B}.Debug|x86.Build.0 = Debug|Any CPU
		{F83D3D20-6554-44D2-862D-C64F1EC3062B}.Release|Any CPU.ActiveCfg = Release|Any CPU
		{F83D3D20-6554-44D2-862D-C64F1EC3062B}.Release|Any CPU.Build.0 = Release|Any CPU
		{F83D3D20-6554-44D2-862D-C64F1EC3062B}.Release|Mixed Platforms.ActiveCfg = Release|Any CPU
		{F83D3D20-6554-44D2-862D-C64F1EC3062B}.Release|Mixed Platforms.Build.0 = Release|Any CPU
		{F83D3D20-6554-44D2-862D-C64F1EC3062B}.Release|x86.ActiveCfg = Release|Any CPU
		{F83D3D20-6554-44D2-862D-C64F1EC3062B}.Release|x86.Build.0 = Release|Any CPU
		{55180C6D-A985-4171-BC78-E9B161164785}.Debug|Any CPU.ActiveCfg = Debug|Any CPU
		{55180C6D-A985-4171-BC78-E9B161164785}.Debug|Any CPU.Build.0 = Debug|Any CPU
		{55180C6D-A985-4171-BC78-E9B161164785}.Debug|Mixed Platforms.ActiveCfg = Debug|Any CPU
		{55180C6D-A985-4171-BC78-E9B161164785}.Debug|Mixed Platforms.Build.0 = Debug|Any CPU
		{55180C6D-A985-4171-BC78-E9B161164785}.Debug|x86.ActiveCfg = Debug|Any CPU
		{55180C6D-A985-4171-BC78-E9B161164785}.Debug|x86.Build.0 = Debug|Any CPU
		{55180C6D-A985-4171-BC78-E9B161164785}.Release|Any CPU.ActiveCfg = Release|Any CPU
		{55180C6D-A985-4171-BC78-E9B161164785}.Release|Any CPU.Build.0 = Release|Any CPU
		{55180C6D-A985-4171-BC78-E9B161164785}.Release|Mixed Platforms.ActiveCfg = Release|Any CPU
		{55180C6D-A985-4171-BC78-E9B161164785}.Release|Mixed Platforms.Build.0 = Release|Any CPU
		{55180C6D-A985-4171-BC78-E9B161164785}.Release|x86.ActiveCfg = Release|Any CPU
		{55180C6D-A985-4171-BC78-E9B161164785}.Release|x86.Build.0 = Release|Any CPU
		{2B975F31-9F0F-4BBB-8BC2-8E014336B0FF}.Debug|Any CPU.ActiveCfg = Debug|Any CPU
		{2B975F31-9F0F-4BBB-8BC2-8E014336B0FF}.Debug|Any CPU.Build.0 = Debug|Any CPU
		{2B975F31-9F0F-4BBB-8BC2-8E014336B0FF}.Debug|Mixed Platforms.ActiveCfg = Debug|Any CPU
		{2B975F31-9F0F-4BBB-8BC2-8E014336B0FF}.Debug|Mixed Platforms.Build.0 = Debug|Any CPU
		{2B975F31-9F0F-4BBB-8BC2-8E014336B0FF}.Debug|x86.ActiveCfg = Debug|Any CPU
		{2B975F31-9F0F-4BBB-8BC2-8E014336B0FF}.Debug|x86.Build.0 = Debug|Any CPU
		{2B975F31-9F0F-4BBB-8BC2-8E014336B0FF}.Release|Any CPU.ActiveCfg = Release|Any CPU
		{2B975F31-9F0F-4BBB-8BC2-8E014336B0FF}.Release|Any CPU.Build.0 = Release|Any CPU
		{2B975F31-9F0F-4BBB-8BC2-8E014336B0FF}.Release|Mixed Platforms.ActiveCfg = Release|Any CPU
		{2B975F31-9F0F-4BBB-8BC2-8E014336B0FF}.Release|Mixed Platforms.Build.0 = Release|Any CPU
		{2B975F31-9F0F-4BBB-8BC2-8E014336B0FF}.Release|x86.ActiveCfg = Release|Any CPU
		{2B975F31-9F0F-4BBB-8BC2-8E014336B0FF}.Release|x86.Build.0 = Release|Any CPU
		{0197EA02-A2AD-475F-9A73-7A0BCFC18891}.Debug|Any CPU.ActiveCfg = Debug|Any CPU
		{0197EA02-A2AD-475F-9A73-7A0BCFC18891}.Debug|Any CPU.Build.0 = Debug|Any CPU
		{0197EA02-A2AD-475F-9A73-7A0BCFC18891}.Debug|Mixed Platforms.ActiveCfg = Debug|Any CPU
		{0197EA02-A2AD-475F-9A73-7A0BCFC18891}.Debug|Mixed Platforms.Build.0 = Debug|Any CPU
		{0197EA02-A2AD-475F-9A73-7A0BCFC18891}.Debug|x86.ActiveCfg = Debug|Any CPU
		{0197EA02-A2AD-475F-9A73-7A0BCFC18891}.Debug|x86.Build.0 = Debug|Any CPU
		{0197EA02-A2AD-475F-9A73-7A0BCFC18891}.Release|Any CPU.ActiveCfg = Release|Any CPU
		{0197EA02-A2AD-475F-9A73-7A0BCFC18891}.Release|Any CPU.Build.0 = Release|Any CPU
		{0197EA02-A2AD-475F-9A73-7A0BCFC18891}.Release|Mixed Platforms.ActiveCfg = Release|Any CPU
		{0197EA02-A2AD-475F-9A73-7A0BCFC18891}.Release|Mixed Platforms.Build.0 = Release|Any CPU
		{0197EA02-A2AD-475F-9A73-7A0BCFC18891}.Release|x86.ActiveCfg = Release|Any CPU
		{0197EA02-A2AD-475F-9A73-7A0BCFC18891}.Release|x86.Build.0 = Release|Any CPU
		{17ADE009-CAB6-4389-93E1-AFE1A2DBB18C}.Debug|Any CPU.ActiveCfg = Debug|Any CPU
		{17ADE009-CAB6-4389-93E1-AFE1A2DBB18C}.Debug|Any CPU.Build.0 = Debug|Any CPU
		{17ADE009-CAB6-4389-93E1-AFE1A2DBB18C}.Debug|Mixed Platforms.ActiveCfg = Debug|Any CPU
		{17ADE009-CAB6-4389-93E1-AFE1A2DBB18C}.Debug|Mixed Platforms.Build.0 = Debug|Any CPU
		{17ADE009-CAB6-4389-93E1-AFE1A2DBB18C}.Debug|x86.ActiveCfg = Debug|Any CPU
		{17ADE009-CAB6-4389-93E1-AFE1A2DBB18C}.Debug|x86.Build.0 = Debug|Any CPU
		{17ADE009-CAB6-4389-93E1-AFE1A2DBB18C}.Release|Any CPU.ActiveCfg = Release|Any CPU
		{17ADE009-CAB6-4389-93E1-AFE1A2DBB18C}.Release|Any CPU.Build.0 = Release|Any CPU
		{17ADE009-CAB6-4389-93E1-AFE1A2DBB18C}.Release|Mixed Platforms.ActiveCfg = Release|Any CPU
		{17ADE009-CAB6-4389-93E1-AFE1A2DBB18C}.Release|Mixed Platforms.Build.0 = Release|Any CPU
		{17ADE009-CAB6-4389-93E1-AFE1A2DBB18C}.Release|x86.ActiveCfg = Release|Any CPU
		{17ADE009-CAB6-4389-93E1-AFE1A2DBB18C}.Release|x86.Build.0 = Release|Any CPU
	EndGlobalSection
	GlobalSection(SolutionProperties) = preSolution
		HideSolutionNode = FALSE
	EndGlobalSection
EndGlobal
